
Microsoft Visual Studio Solution File, Format Version 12.00
# Visual Studio Version 17
VisualStudioVersion = 17.8.34330.188
MinimumVisualStudioVersion = 10.0.40219.1
Project("{FAE04EC0-301F-11D3-BF4B-00C04F79EFBC}") = "WebAppBLOGS", "WebAppBLOGS.csproj", "{D5A50ED6-1CDF-4000-B7DA-449F04B5974D}"
EndProject
Global
	GlobalSection(SolutionConfigurationPlatforms) = preSolution
		Debug|Any CPU = Debug|Any CPU
		Release|Any CPU = Release|Any CPU
	EndGlobalSection
	GlobalSection(ProjectConfigurationPlatforms) = postSolution
		{D5A50ED6-1CDF-4000-B7DA-449F04B5974D}.Debug|Any CPU.ActiveCfg = Debug|Any CPU
		{D5A50ED6-1CDF-4000-B7DA-449F04B5974D}.Debug|Any CPU.Build.0 = Debug|Any CPU
		{D5A50ED6-1CDF-4000-B7DA-449F04B5974D}.Release|Any CPU.ActiveCfg = Release|Any CPU
		{D5A50ED6-1CDF-4000-B7DA-449F04B5974D}.Release|Any CPU.Build.0 = Release|Any CPU
	EndGlobalSection
	GlobalSection(SolutionProperties) = preSolution
		HideSolutionNode = FALSE
	EndGlobalSection
	GlobalSection(ExtensibilityGlobals) = postSolution
		SolutionGuid = {F2AEA008-3DF3-4CD4-A8F0-3C6FA3C3E7E9}
	EndGlobalSection
EndGlobal
